
Microsoft Visual Studio Solution File, Format Version 12.00
# Visual Studio Version 17
VisualStudioVersion = 17.0.31903.59
MinimumVisualStudioVersion = 10.0.40219.1
Project("{FAE04EC0-301F-11D3-BF4B-00C04F79EFBC}") = "WindowsRTSample", "WindowsRTSample\WindowsRTSample.csproj", "{F6A0048F-1AF0-4FD8-972F-26377E1260C7}"
EndProject
Global
	GlobalSection(SolutionConfigurationPlatforms) = preSolution
		Debug|Any CPU = Debug|Any CPU
		Release|Any CPU = Release|Any CPU
	EndGlobalSection
	GlobalSection(ProjectConfigurationPlatforms) = postSolution
		{F6A0048F-1AF0-4FD8-972F-26377E1260C7}.Debug|Any CPU.ActiveCfg = Debug|Any CPU
		{F6A0048F-1AF0-4FD8-972F-26377E1260C7}.Debug|Any CPU.Build.0 = Debug|Any CPU
		{F6A0048F-1AF0-4FD8-972F-26377E1260C7}.Release|Any CPU.ActiveCfg = Release|Any CPU
		{F6A0048F-1AF0-4FD8-972F-26377E1260C7}.Release|Any CPU.Build.0 = Release|Any CPU
	EndGlobalSection
	GlobalSection(SolutionProperties) = preSolution
		HideSolutionNode = FALSE
	EndGlobalSection
	GlobalSection(ExtensibilityGlobals) = postSolution
		SolutionGuid = {31F57918-FCD0-4C12-8B5B-76B87B28EA9F}
	EndGlobalSection
EndGlobal
